
Microsoft Visual Studio Solution File, Format Version 12.00
# Visual Studio 2017
Project("{FAE04EC0-301F-11D3-BF4B-00C04F79EFBC}") = "museum1", "museum1.csproj", "{E19EFDCD-2DE2-15A9-0968-F24B3892661C}"
EndProject
Project("{FAE04EC0-301F-11D3-BF4B-00C04F79EFBC}") = "museum1.Plugins", "museum1.Plugins.csproj", "{89210257-BCDF-0192-FD0A-B2CF29D9794E}"
EndProject
Project("{FAE04EC0-301F-11D3-BF4B-00C04F79EFBC}") = "museum1.Editor", "museum1.Editor.csproj", "{E5A68597-5FC3-6AE6-BF45-2CCCA39A2ACC}"
EndProject
Global
	GlobalSection(SolutionConfigurationPlatforms) = preSolution
		Debug|Any CPU = Debug|Any CPU
		Release|Any CPU = Release|Any CPU
	EndGlobalSection
	GlobalSection(ProjectConfigurationPlatforms) = postSolution
		{E19EFDCD-2DE2-15A9-0968-F24B3892661C}.Debug|Any CPU.ActiveCfg = Debug|Any CPU
		{E19EFDCD-2DE2-15A9-0968-F24B3892661C}.Debug|Any CPU.Build.0 = Debug|Any CPU
		{E19EFDCD-2DE2-15A9-0968-F24B3892661C}.Release|Any CPU.ActiveCfg = Release|Any CPU
		{E19EFDCD-2DE2-15A9-0968-F24B3892661C}.Release|Any CPU.Build.0 = Release|Any CPU
		{89210257-BCDF-0192-FD0A-B2CF29D9794E}.Debug|Any CPU.ActiveCfg = Debug|Any CPU
		{89210257-BCDF-0192-FD0A-B2CF29D9794E}.Debug|Any CPU.Build.0 = Debug|Any CPU
		{89210257-BCDF-0192-FD0A-B2CF29D9794E}.Release|Any CPU.ActiveCfg = Release|Any CPU
		{89210257-BCDF-0192-FD0A-B2CF29D9794E}.Release|Any CPU.Build.0 = Release|Any CPU
		{E5A68597-5FC3-6AE6-BF45-2CCCA39A2ACC}.Debug|Any CPU.ActiveCfg = Debug|Any CPU
		{E5A68597-5FC3-6AE6-BF45-2CCCA39A2ACC}.Debug|Any CPU.Build.0 = Debug|Any CPU
		{E5A68597-5FC3-6AE6-BF45-2CCCA39A2ACC}.Release|Any CPU.ActiveCfg = Release|Any CPU
		{E5A68597-5FC3-6AE6-BF45-2CCCA39A2ACC}.Release|Any CPU.Build.0 = Release|Any CPU
	EndGlobalSection
	GlobalSection(SolutionProperties) = preSolution
		HideSolutionNode = FALSE
	EndGlobalSection
EndGlobal
